// !$*UTF8*$!
{
	archiveVersion = 1;
	classes = {
	};
	objectVersion = 55;
	objects = {

/* Begin PBXBuildFile section */
		587079F7289B20E3007673AF /* weatherViewApp.swift in Sources */ = {isa = PBXBuildFile; fileRef = 587079F6289B20E3007673AF /* weatherViewApp.swift */; };
		587079F9289B20E3007673AF /* ContentView.swift in Sources */ = {isa = PBXBuildFile; fileRef = 587079F8289B20E3007673AF /* ContentView.swift */; };
		587079FB289B20E6007673AF /* Assets.xcassets in Resources */ = {isa = PBXBuildFile; fileRef = 587079FA289B20E6007673AF /* Assets.xcassets */; };
		587079FE289B20E6007673AF /* Preview Assets.xcassets in Resources */ = {isa = PBXBuildFile; fileRef = 587079FD289B20E6007673AF /* Preview Assets.xcassets */; };
		58707A09289B23CD007673AF /* LocationManager.swift in Sources */ = {isa = PBXBuildFile; fileRef = 58707A08289B23CD007673AF /* LocationManager.swift */; };
		58707A0B289B23FE007673AF /* WelcomeView.swift in Sources */ = {isa = PBXBuildFile; fileRef = 58707A0A289B23FE007673AF /* WelcomeView.swift */; };
		58AD139B289B2B19009B1F11 /* LoadingView.swift in Sources */ = {isa = PBXBuildFile; fileRef = 58AD139A289B2B19009B1F11 /* LoadingView.swift */; };
		58AD139D289B2E95009B1F11 /* WeatherManager.swift in Sources */ = {isa = PBXBuildFile; fileRef = 58AD139C289B2E94009B1F11 /* WeatherManager.swift */; };
		58AD139F289B3525009B1F11 /* WeatherView.swift in Sources */ = {isa = PBXBuildFile; fileRef = 58AD139E289B3525009B1F11 /* WeatherView.swift */; };
		58AD13A1289B3561009B1F11 /* ModelData.swift in Sources */ = {isa = PBXBuildFile; fileRef = 58AD13A0289B3561009B1F11 /* ModelData.swift */; };
		58AD13A5289B36AC009B1F11 /* Extensions.swift in Sources */ = {isa = PBXBuildFile; fileRef = 58AD13A4289B36AC009B1F11 /* Extensions.swift */; };
		58AD13A8289B3A37009B1F11 /* WeatherRow.swift in Sources */ = {isa = PBXBuildFile; fileRef = 58AD13A7289B3A37009B1F11 /* WeatherRow.swift */; };
		58AD13AA289B3AB5009B1F11 /* weatherData.json in Resources */ = {isa = PBXBuildFile; fileRef = 58AD13A9289B3AB5009B1F11 /* weatherData.json */; };
/* End PBXBuildFile section */

/* Begin PBXFileReference section */
		587079F3289B20E3007673AF /* weatherView.app */ = {isa = PBXFileReference; explicitFileType = wrapper.application; includeInIndex = 0; path = weatherView.app; sourceTree = BUILT_PRODUCTS_DIR; };
		587079F6289B20E3007673AF /* weatherViewApp.swift */ = {isa = PBXFileReference; lastKnownFileType = sourcecode.swift; path = weatherViewApp.swift; sourceTree = "<group>"; };
		587079F8289B20E3007673AF /* ContentView.swift */ = {isa = PBXFileReference; lastKnownFileType = sourcecode.swift; path = ContentView.swift; sourceTree = "<group>"; };
		587079FA289B20E6007673AF /* Assets.xcassets */ = {isa = PBXFileReference; lastKnownFileType = folder.assetcatalog; path = Assets.xcassets; sourceTree = "<group>"; };
		587079FD289B20E6007673AF /* Preview Assets.xcassets */ = {isa = PBXFileReference; lastKnownFileType = folder.assetcatalog; path = "Preview Assets.xcassets"; sourceTree = "<group>"; };
		58707A08289B23CD007673AF /* LocationManager.swift */ = {isa = PBXFileReference; lastKnownFileType = sourcecode.swift; path = LocationManager.swift; sourceTree = "<group>"; };
		58707A0A289B23FE007673AF /* WelcomeView.swift */ = {isa = PBXFileReference; lastKnownFileType = sourcecode.swift; path = WelcomeView.swift; sourceTree = "<group>"; };
		58AD139A289B2B19009B1F11 /* LoadingView.swift */ = {isa = PBXFileReference; lastKnownFileType = sourcecode.swift; path = LoadingView.swift; sourceTree = "<group>"; };
		58AD139C289B2E94009B1F11 /* WeatherManager.swift */ = {isa = PBXFileReference; lastKnownFileType = sourcecode.swift; path = WeatherManager.swift; sourceTree = "<group>"; };
		58AD139E289B3525009B1F11 /* WeatherView.swift */ = {isa = PBXFileReference; lastKnownFileType = sourcecode.swift; path = WeatherView.swift; sourceTree = "<group>"; };
		58AD13A0289B3561009B1F11 /* ModelData.swift */ = {isa = PBXFileReference; lastKnownFileType = sourcecode.swift; path = ModelData.swift; sourceTree = "<group>"; };
		58AD13A4289B36AC009B1F11 /* Extensions.swift */ = {isa = PBXFileReference; lastKnownFileType = sourcecode.swift; path = Extensions.swift; sourceTree = "<group>"; };
		58AD13A7289B3A37009B1F11 /* WeatherRow.swift */ = {isa = PBXFileReference; lastKnownFileType = sourcecode.swift; path = WeatherRow.swift; sourceTree = "<group>"; };
		58AD13A9289B3AB5009B1F11 /* weatherData.json */ = {isa = PBXFileReference; lastKnownFileType = text.json; path = weatherData.json; sourceTree = "<group>"; };
/* End PBXFileReference section */

/* Begin PBXFrameworksBuildPhase section */
		587079F0289B20E3007673AF /* Frameworks */ = {
			isa = PBXFrameworksBuildPhase;
			buildActionMask = 2147483647;
			files = (
			);
			runOnlyForDeploymentPostprocessing = 0;
		};
/* End PBXFrameworksBuildPhase section */

/* Begin PBXGroup section */
		587079EA289B20E3007673AF = {
			isa = PBXGroup;
			children = (
				58AD13A4289B36AC009B1F11 /* Extensions.swift */,
				587079F5289B20E3007673AF /* weatherView */,
				587079F4289B20E3007673AF /* Products */,
			);
			sourceTree = "<group>";
		};
		587079F4289B20E3007673AF /* Products */ = {
			isa = PBXGroup;
			children = (
				587079F3289B20E3007673AF /* weatherView.app */,
			);
			name = Products;
			sourceTree = "<group>";
		};
		587079F5289B20E3007673AF /* weatherView */ = {
			isa = PBXGroup;
			children = (
				58AD13A6289B3A1D009B1F11 /* Components */,
				58707A07289B2367007673AF /* Views */,
				58707A04289B2193007673AF /* Managers */,
				587079F6289B20E3007673AF /* weatherViewApp.swift */,
				587079FA289B20E6007673AF /* Assets.xcassets */,
				587079FC289B20E6007673AF /* Preview Content */,
			);
			path = weatherView;
			sourceTree = "<group>";
		};
		587079FC289B20E6007673AF /* Preview Content */ = {
			isa = PBXGroup;
			children = (
				587079FD289B20E6007673AF /* Preview Assets.xcassets */,
				58AD13A0289B3561009B1F11 /* ModelData.swift */,
				58AD13A9289B3AB5009B1F11 /* weatherData.json */,
			);
			path = "Preview Content";
			sourceTree = "<group>";
		};
		58707A04289B2193007673AF /* Managers */ = {
			isa = PBXGroup;
			children = (
				58707A08289B23CD007673AF /* LocationManager.swift */,
				58AD139C289B2E94009B1F11 /* WeatherManager.swift */,
			);
			path = Managers;
			sourceTree = "<group>";
		};
		58707A07289B2367007673AF /* Views */ = {
			isa = PBXGroup;
			children = (
				587079F8289B20E3007673AF /* ContentView.swift */,
				58707A0A289B23FE007673AF /* WelcomeView.swift */,
				58AD139A289B2B19009B1F11 /* LoadingView.swift */,
				58AD139E289B3525009B1F11 /* WeatherView.swift */,
			);
			path = Views;
			sourceTree = "<group>";
		};
		58AD13A6289B3A1D009B1F11 /* Components */ = {
			isa = PBXGroup;
			children = (
				58AD13A7289B3A37009B1F11 /* WeatherRow.swift */,
			);
			path = Components;
			sourceTree = "<group>";
		};
/* End PBXGroup section */

/* Begin PBXNativeTarget section */
		587079F2289B20E3007673AF /* weatherView */ = {
			isa = PBXNativeTarget;
			buildConfigurationList = 58707A01289B20E6007673AF /* Build configuration list for PBXNativeTarget "weatherView" */;
			buildPhases = (
				587079EF289B20E3007673AF /* Sources */,
				587079F0289B20E3007673AF /* Frameworks */,
				587079F1289B20E3007673AF /* Resources */,
			);
			buildRules = (
			);
			dependencies = (
			);
			name = weatherView;
			productName = weatherView;
			productReference = 587079F3289B20E3007673AF /* weatherView.app */;
			productType = "com.apple.product-type.application";
		};
/* End PBXNativeTarget section */

/* Begin PBXProject section */
		587079EB289B20E3007673AF /* Project object */ = {
			isa = PBXProject;
			attributes = {
				BuildIndependentTargetsInParallel = 1;
				LastSwiftUpdateCheck = 1340;
				LastUpgradeCheck = 1340;
				TargetAttributes = {
					587079F2289B20E3007673AF = {
						CreatedOnToolsVersion = 13.4.1;
					};
				};
			};
			buildConfigurationList = 587079EE289B20E3007673AF /* Build configuration list for PBXProject "weatherView" */;
			compatibilityVersion = "Xcode 13.0";
			developmentRegion = en;
			hasScannedForEncodings = 0;
			knownRegions = (
				en,
				Base,
			);
			mainGroup = 587079EA289B20E3007673AF;
			productRefGroup = 587079F4289B20E3007673AF /* Products */;
			projectDirPath = "";
			projectRoot = "";
			targets = (
				587079F2289B20E3007673AF /* weatherView */,
			);
		};
/* End PBXProject section */

/* Begin PBXResourcesBuildPhase section */
		587079F1289B20E3007673AF /* Resources */ = {
			isa = PBXResourcesBuildPhase;
			buildActionMask = 2147483647;
			files = (
				587079FE289B20E6007673AF /* Preview Assets.xcassets in Resources */,
				58AD13AA289B3AB5009B1F11 /* weatherData.json in Resources */,
				587079FB289B20E6007673AF /* Assets.xcassets in Resources */,
			);
			runOnlyForDeploymentPostprocessing = 0;
		};
/* End PBXResourcesBuildPhase section */

/* Begin PBXSourcesBuildPhase section */
		587079EF289B20E3007673AF /* Sources */ = {
			isa = PBXSourcesBuildPhase;
			buildActionMask = 2147483647;
			files = (
				58AD139D289B2E95009B1F11 /* WeatherManager.swift in Sources */,
				58AD13A5289B36AC009B1F11 /* Extensions.swift in Sources */,
				587079F9289B20E3007673AF /* ContentView.swift in Sources */,
				587079F7289B20E3007673AF /* weatherViewApp.swift in Sources */,
				58707A09289B23CD007673AF /* LocationManager.swift in Sources */,
				58AD13A8289B3A37009B1F11 /* WeatherRow.swift in Sources */,
				58AD139B289B2B19009B1F11 /* LoadingView.swift in Sources */,
				58AD13A1289B3561009B1F11 /* ModelData.swift in Sources */,
				58AD139F289B3525009B1F11 /* WeatherView.swift in Sources */,
				58707A0B289B23FE007673AF /* WelcomeView.swift in Sources */,
			);
			runOnlyForDeploymentPostprocessing = 0;
		};
/* End PBXSourcesBuildPhase section */

/* Begin XCBuildConfiguration section */
		587079FF289B20E6007673AF /* Debug */ = {
			isa = XCBuildConfiguration;
			buildSettings = {
				ALWAYS_SEARCH_USER_PATHS = NO;
				CLANG_ANALYZER_NONNULL = YES;
				CLANG_ANALYZER_NUMBER_OBJECT_CONVERSION = YES_AGGRESSIVE;
				CLANG_CXX_LANGUAGE_STANDARD = "gnu++17";
				CLANG_ENABLE_MODULES = YES;
				CLANG_ENABLE_OBJC_ARC = YES;
				CLANG_ENABLE_OBJC_WEAK = YES;
				CLANG_WARN_BLOCK_CAPTURE_AUTORELEASING = YES;
				CLANG_WARN_BOOL_CONVERSION = YES;
				CLANG_WARN_COMMA = YES;
				CLANG_WARN_CONSTANT_CONVERSION = YES;
				CLANG_WARN_DEPRECATED_OBJC_IMPLEMENTATIONS = YES;
				CLANG_WARN_DIRECT_OBJC_ISA_USAGE = YES_ERROR;
				CLANG_WARN_DOCUMENTATION_COMMENTS = YES;
				CLANG_WARN_EMPTY_BODY = YES;
				CLANG_WARN_ENUM_CONVERSION = YES;
				CLANG_WARN_INFINITE_RECURSION = YES;
				CLANG_WARN_INT_CONVERSION = YES;
				CLANG_WARN_NON_LITERAL_NULL_CONVERSION = YES;
				CLANG_WARN_OBJC_IMPLICIT_RETAIN_SELF = YES;
				CLANG_WARN_OBJC_LITERAL_CONVERSION = YES;
				CLANG_WARN_OBJC_ROOT_CLASS = YES_ERROR;
				CLANG_WARN_QUOTED_INCLUDE_IN_FRAMEWORK_HEADER = YES;
				CLANG_WARN_RANGE_LOOP_ANALYSIS = YES;
				CLANG_WARN_STRICT_PROTOTYPES = YES;
				CLANG_WARN_SUSPICIOUS_MOVE = YES;
				CLANG_WARN_UNGUARDED_AVAILABILITY = YES_AGGRESSIVE;
				CLANG_WARN_UNREACHABLE_CODE = YES;
				CLANG_WARN__DUPLICATE_METHOD_MATCH = YES;
				COPY_PHASE_STRIP = NO;
				DEBUG_INFORMATION_FORMAT = dwarf;
				ENABLE_STRICT_OBJC_MSGSEND = YES;
				ENABLE_TESTABILITY = YES;
				GCC_C_LANGUAGE_STANDARD = gnu11;
				GCC_DYNAMIC_NO_PIC = NO;
				GCC_NO_COMMON_BLOCKS = YES;
				GCC_OPTIMIZATION_LEVEL = 0;
				GCC_PREPROCESSOR_DEFINITIONS = (
					"DEBUG=1",
					"$(inherited)",
				);
				GCC_WARN_64_TO_32_BIT_CONVERSION = YES;
				GCC_WARN_ABOUT_RETURN_TYPE = YES_ERROR;
				GCC_WARN_UNDECLARED_SELECTOR = YES;
				GCC_WARN_UNINITIALIZED_AUTOS = YES_AGGRESSIVE;
				GCC_WARN_UNUSED_FUNCTION = YES;
				GCC_WARN_UNUSED_VARIABLE = YES;
				IPHONEOS_DEPLOYMENT_TARGET = 15.5;
				MTL_ENABLE_DEBUG_INFO = INCLUDE_SOURCE;
				MTL_FAST_MATH = YES;
				ONLY_ACTIVE_ARCH = YES;
				SDKROOT = iphoneos;
				SWIFT_ACTIVE_COMPILATION_CONDITIONS = DEBUG;
				SWIFT_OPTIMIZATION_LEVEL = "-Onone";
			};
			name = Debug;
		};
		58707A00289B20E6007673AF /* Release */ = {
			isa = XCBuildConfiguration;
			buildSettings = {
				ALWAYS_SEARCH_USER_PATHS = NO;
				CLANG_ANALYZER_NONNULL = YES;
				CLANG_ANALYZER_NUMBER_OBJECT_CONVERSION = YES_AGGRESSIVE;
				CLANG_CXX_LANGUAGE_STANDARD = "gnu++17";
				CLANG_ENABLE_MODULES = YES;
				CLANG_ENABLE_OBJC_ARC = YES;
				CLANG_ENABLE_OBJC_WEAK = YES;
				CLANG_WARN_BLOCK_CAPTURE_AUTORELEASING = YES;
				CLANG_WARN_BOOL_CONVERSION = YES;
				CLANG_WARN_COMMA = YES;
				CLANG_WARN_CONSTANT_CONVERSION = YES;
				CLANG_WARN_DEPRECATED_OBJC_IMPLEMENTATIONS = YES;
				CLANG_WARN_DIRECT_OBJC_ISA_USAGE = YES_ERROR;
				CLANG_WARN_DOCUMENTATION_COMMENTS = YES;
				CLANG_WARN_EMPTY_BODY = YES;
				CLANG_WARN_ENUM_CONVERSION = YES;
				CLANG_WARN_INFINITE_RECURSION = YES;
				CLANG_WARN_INT_CONVERSION = YES;
				CLANG_WARN_NON_LITERAL_NULL_CONVERSION = YES;
				CLANG_WARN_OBJC_IMPLICIT_RETAIN_SELF = YES;
				CLANG_WARN_OBJC_LITERAL_CONVERSION = YES;
				CLANG_WARN_OBJC_ROOT_CLASS = YES_ERROR;
				CLANG_WARN_QUOTED_INCLUDE_IN_FRAMEWORK_HEADER = YES;
				CLANG_WARN_RANGE_LOOP_ANALYSIS = YES;
				CLANG_WARN_STRICT_PROTOTYPES = YES;
				CLANG_WARN_SUSPICIOUS_MOVE = YES;
				CLANG_WARN_UNGUARDED_AVAILABILITY = YES_AGGRESSIVE;
				CLANG_WARN_UNREACHABLE_CODE = YES;
				CLANG_WARN__DUPLICATE_METHOD_MATCH = YES;
				COPY_PHASE_STRIP = NO;
				DEBUG_INFORMATION_FORMAT = "dwarf-with-dsym";
				ENABLE_NS_ASSERTIONS = NO;
				ENABLE_STRICT_OBJC_MSGSEND = YES;
				GCC_C_LANGUAGE_STANDARD = gnu11;
				GCC_NO_COMMON_BLOCKS = YES;
				GCC_WARN_64_TO_32_BIT_CONVERSION = YES;
				GCC_WARN_ABOUT_RETURN_TYPE = YES_ERROR;
				GCC_WARN_UNDECLARED_SELECTOR = YES;
				GCC_WARN_UNINITIALIZED_AUTOS = YES_AGGRESSIVE;
				GCC_WARN_UNUSED_FUNCTION = YES;
				GCC_WARN_UNUSED_VARIABLE = YES;
				IPHONEOS_DEPLOYMENT_TARGET = 15.5;
				MTL_ENABLE_DEBUG_INFO = NO;
				MTL_FAST_MATH = YES;
				SDKROOT = iphoneos;
				SWIFT_COMPILATION_MODE = wholemodule;
				SWIFT_OPTIMIZATION_LEVEL = "-O";
				VALIDATE_PRODUCT = YES;
			};
			name = Release;
		};
		58707A02289B20E6007673AF /* Debug */ = {
			isa = XCBuildConfiguration;
			buildSettings = {
				ASSETCATALOG_COMPILER_APPICON_NAME = AppIcon;
				ASSETCATALOG_COMPILER_GLOBAL_ACCENT_COLOR_NAME = AccentColor;
				CODE_SIGN_STYLE = Automatic;
				CURRENT_PROJECT_VERSION = 1;
				DEVELOPMENT_ASSET_PATHS = "\"weatherView/Preview Content\"";
				DEVELOPMENT_TEAM = 65HMR9XG4G;
				ENABLE_PREVIEWS = YES;
				GENERATE_INFOPLIST_FILE = YES;
				INFOPLIST_KEY_UIApplicationSceneManifest_Generation = YES;
				INFOPLIST_KEY_UIApplicationSupportsIndirectInputEvents = YES;
				INFOPLIST_KEY_UILaunchScreen_Generation = YES;
				INFOPLIST_KEY_UISupportedInterfaceOrientations_iPad = "UIInterfaceOrientationPortrait UIInterfaceOrientationPortraitUpsideDown UIInterfaceOrientationLandscapeLeft UIInterfaceOrientationLandscapeRight";
				INFOPLIST_KEY_UISupportedInterfaceOrientations_iPhone = "UIInterfaceOrientationPortrait UIInterfaceOrientationLandscapeLeft UIInterfaceOrientationLandscapeRight";
				IPHONEOS_DEPLOYMENT_TARGET = 15.0;
				LD_RUNPATH_SEARCH_PATHS = (
					"$(inherited)",
					"@executable_path/Frameworks",
				);
				MARKETING_VERSION = 1.0;
				PRODUCT_BUNDLE_IDENTIFIER = AnhNguyen.weatherView;
				PRODUCT_NAME = "$(TARGET_NAME)";
				SWIFT_EMIT_LOC_STRINGS = YES;
				SWIFT_VERSION = 5.0;
				TARGETED_DEVICE_FAMILY = "1,2";
			};
			name = Debug;
		};
		58707A03289B20E6007673AF /* Release */ = {
			isa = XCBuildConfiguration;
			buildSettings = {
				ASSETCATALOG_COMPILER_APPICON_NAME = AppIcon;
				ASSETCATALOG_COMPILER_GLOBAL_ACCENT_COLOR_NAME = AccentColor;
				CODE_SIGN_STYLE = Automatic;
				CURRENT_PROJECT_VERSION = 1;
				DEVELOPMENT_ASSET_PATHS = "\"weatherView/Preview Content\"";
				DEVELOPMENT_TEAM = 65HMR9XG4G;
				ENABLE_PREVIEWS = YES;
				GENERATE_INFOPLIST_FILE = YES;
				INFOPLIST_KEY_UIApplicationSceneManifest_Generation = YES;
				INFOPLIST_KEY_UIApplicationSupportsIndirectInputEvents = YES;
				INFOPLIST_KEY_UILaunchScreen_Generation = YES;
				INFOPLIST_KEY_UISupportedInterfaceOrientations_iPad = "UIInterfaceOrientationPortrait UIInterfaceOrientationPortraitUpsideDown UIInterfaceOrientationLandscapeLeft UIInterfaceOrientationLandscapeRight";
				INFOPLIST_KEY_UISupportedInterfaceOrientations_iPhone = "UIInterfaceOrientationPortrait UIInterfaceOrientationLandscapeLeft UIInterfaceOrientationLandscapeRight";
				IPHONEOS_DEPLOYMENT_TARGET = 15.0;
				LD_RUNPATH_SEARCH_PATHS = (
					"$(inherited)",
					"@executable_path/Frameworks",
				);
				MARKETING_VERSION = 1.0;
				PRODUCT_BUNDLE_IDENTIFIER = AnhNguyen.weatherView;
				PRODUCT_NAME = "$(TARGET_NAME)";
				SWIFT_EMIT_LOC_STRINGS = YES;
				SWIFT_VERSION = 5.0;
				TARGETED_DEVICE_FAMILY = "1,2";
			};
			name = Release;
		};
/* End XCBuildConfiguration section */

/* Begin XCConfigurationList section */
		587079EE289B20E3007673AF /* Build configuration list for PBXProject "weatherView" */ = {
			isa = XCConfigurationList;
			buildConfigurations = (
				587079FF289B20E6007673AF /* Debug */,
				58707A00289B20E6007673AF /* Release */,
			);
			defaultConfigurationIsVisible = 0;
			defaultConfigurationName = Release;
		};
		58707A01289B20E6007673AF /* Build configuration list for PBXNativeTarget "weatherView" */ = {
			isa = XCConfigurationList;
			buildConfigurations = (
				58707A02289B20E6007673AF /* Debug */,
				58707A03289B20E6007673AF /* Release */,
			);
			defaultConfigurationIsVisible = 0;
			defaultConfigurationName = Release;
		};
/* End XCConfigurationList section */
	};
	rootObject = 587079EB289B20E3007673AF /* Project object */;
}
